
Microsoft Visual Studio Solution File, Format Version 12.00
# Visual Studio 15
VisualStudioVersion = 15.0.27428.2037
MinimumVisualStudioVersion = 10.0.40219.1
Project("{FAE04EC0-301F-11D3-BF4B-00C04F79EFBC}") = "13water", "13water\13water.csproj", "{FFA82284-CA19-47CF-9A65-1556AFB30A6E}"
EndProject
Global
	GlobalSection(SolutionConfigurationPlatforms) = preSolution
		Debug|Any CPU = Debug|Any CPU
		Release|Any CPU = Release|Any CPU
	EndGlobalSection
	GlobalSection(ProjectConfigurationPlatforms) = postSolution
		{FFA82284-CA19-47CF-9A65-1556AFB30A6E}.Debug|Any CPU.ActiveCfg = Debug|Any CPU
		{FFA82284-CA19-47CF-9A65-1556AFB30A6E}.Debug|Any CPU.Build.0 = Debug|Any CPU
		{FFA82284-CA19-47CF-9A65-1556AFB30A6E}.Release|Any CPU.ActiveCfg = Release|Any CPU
		{FFA82284-CA19-47CF-9A65-1556AFB30A6E}.Release|Any CPU.Build.0 = Release|Any CPU
	EndGlobalSection
	GlobalSection(SolutionProperties) = preSolution
		HideSolutionNode = FALSE
	EndGlobalSection
	GlobalSection(ExtensibilityGlobals) = postSolution
		SolutionGuid = {B16047B9-0593-4667-B1C7-B340FFB9FF23}
	EndGlobalSection
EndGlobal
